
Microsoft Visual Studio Solution File, Format Version 12.00
# Visual Studio Version 16
VisualStudioVersion = 16.0.32228.343
MinimumVisualStudioVersion = 10.0.40219.1
Project("{9A19103F-16F7-4668-BE54-9A1E7A4F7556}") = "ConfigurationLibrary", "ConfigurationLibrary\ConfigurationLibrary.csproj", "{97C54D8B-341D-4348-9775-DB27E742DF7B}"
EndProject
Project("{9A19103F-16F7-4668-BE54-9A1E7A4F7556}") = "EntityFrameworkCoreHelpers", "EntityFrameworkCoreHelpers\EntityFrameworkCoreHelpers.csproj", "{D2557EAC-FACD-42AC-9851-8529AFAD22C2}"
EndProject
Project("{2150E333-8FDC-42A3-9474-1A3956D46DE8}") = "Libraries", "Libraries", "{F79217CC-3ADF-4E74-936C-BB3E548F5B8C}"
EndProject
Project("{2150E333-8FDC-42A3-9474-1A3956D46DE8}") = "Example", "Example", "{DEED1AC3-881F-42E4-9659-88360AF300E9}"
EndProject
Project("{9A19103F-16F7-4668-BE54-9A1E7A4F7556}") = "ShadowProperties", "ShadowProperties\ShadowProperties.csproj", "{B4DAADF9-8BED-449D-A7E7-44F2C0740364}"
EndProject
Project("{9A19103F-16F7-4668-BE54-9A1E7A4F7556}") = "ShadowPropertiesUnitTestProject", "ShadowPropertiesUnitTestProject\ShadowPropertiesUnitTestProject.csproj", "{0911442B-C035-4F7F-9F9D-270384D81C56}"
EndProject
Project("{2150E333-8FDC-42A3-9474-1A3956D46DE8}") = "Solution Items", "Solution Items", "{BD3E6F13-51DB-4508-8755-8FC0EC4DDBF0}"
	ProjectSection(SolutionItems) = preProject
		readme.md = readme.md
	EndProjectSection
EndProject
Project("{FAE04EC0-301F-11D3-BF4B-00C04F79EFBC}") = "BindingListLibrary", "BindingListLibrary\BindingListLibrary.csproj", "{8F211914-7C1A-44EF-9C70-8A7A8BD72D85}"
EndProject
Project("{2150E333-8FDC-42A3-9474-1A3956D46DE8}") = "BindingList", "BindingList", "{90515226-6741-4A32-9AA5-940A601D522E}"
EndProject
Project("{2150E333-8FDC-42A3-9474-1A3956D46DE8}") = "Class project", "Class project", "{C433B8A1-34B2-4AC3-92F2-A60285B9B588}"
EndProject
Project("{FAE04EC0-301F-11D3-BF4B-00C04F79EFBC}") = "BindingListExample", "BindingListExample\BindingListExample.csproj", "{B65DE703-A39C-4A3A-8639-E7F62E46E45B}"
EndProject
Global
	GlobalSection(SolutionConfigurationPlatforms) = preSolution
		Debug|Any CPU = Debug|Any CPU
		Release|Any CPU = Release|Any CPU
	EndGlobalSection
	GlobalSection(ProjectConfigurationPlatforms) = postSolution
		{97C54D8B-341D-4348-9775-DB27E742DF7B}.Debug|Any CPU.ActiveCfg = Debug|Any CPU
		{97C54D8B-341D-4348-9775-DB27E742DF7B}.Debug|Any CPU.Build.0 = Debug|Any CPU
		{97C54D8B-341D-4348-9775-DB27E742DF7B}.Release|Any CPU.ActiveCfg = Release|Any CPU
		{97C54D8B-341D-4348-9775-DB27E742DF7B}.Release|Any CPU.Build.0 = Release|Any CPU
		{D2557EAC-FACD-42AC-9851-8529AFAD22C2}.Debug|Any CPU.ActiveCfg = Debug|Any CPU
		{D2557EAC-FACD-42AC-9851-8529AFAD22C2}.Debug|Any CPU.Build.0 = Debug|Any CPU
		{D2557EAC-FACD-42AC-9851-8529AFAD22C2}.Release|Any CPU.ActiveCfg = Release|Any CPU
		{D2557EAC-FACD-42AC-9851-8529AFAD22C2}.Release|Any CPU.Build.0 = Release|Any CPU
		{B4DAADF9-8BED-449D-A7E7-44F2C0740364}.Debug|Any CPU.ActiveCfg = Debug|Any CPU
		{B4DAADF9-8BED-449D-A7E7-44F2C0740364}.Debug|Any CPU.Build.0 = Debug|Any CPU
		{B4DAADF9-8BED-449D-A7E7-44F2C0740364}.Release|Any CPU.ActiveCfg = Release|Any CPU
		{B4DAADF9-8BED-449D-A7E7-44F2C0740364}.Release|Any CPU.Build.0 = Release|Any CPU
		{0911442B-C035-4F7F-9F9D-270384D81C56}.Debug|Any CPU.ActiveCfg = Debug|Any CPU
		{0911442B-C035-4F7F-9F9D-270384D81C56}.Debug|Any CPU.Build.0 = Debug|Any CPU
		{0911442B-C035-4F7F-9F9D-270384D81C56}.Release|Any CPU.ActiveCfg = Release|Any CPU
		{0911442B-C035-4F7F-9F9D-270384D81C56}.Release|Any CPU.Build.0 = Release|Any CPU
		{8F211914-7C1A-44EF-9C70-8A7A8BD72D85}.Debug|Any CPU.ActiveCfg = Debug|Any CPU
		{8F211914-7C1A-44EF-9C70-8A7A8BD72D85}.Debug|Any CPU.Build.0 = Debug|Any CPU
		{8F211914-7C1A-44EF-9C70-8A7A8BD72D85}.Release|Any CPU.ActiveCfg = Release|Any CPU
		{8F211914-7C1A-44EF-9C70-8A7A8BD72D85}.Release|Any CPU.Build.0 = Release|Any CPU
		{B65DE703-A39C-4A3A-8639-E7F62E46E45B}.Debug|Any CPU.ActiveCfg = Debug|Any CPU
		{B65DE703-A39C-4A3A-8639-E7F62E46E45B}.Debug|Any CPU.Build.0 = Debug|Any CPU
		{B65DE703-A39C-4A3A-8639-E7F62E46E45B}.Release|Any CPU.ActiveCfg = Release|Any CPU
		{B65DE703-A39C-4A3A-8639-E7F62E46E45B}.Release|Any CPU.Build.0 = Release|Any CPU
	EndGlobalSection
	GlobalSection(SolutionProperties) = preSolution
		HideSolutionNode = FALSE
	EndGlobalSection
	GlobalSection(NestedProjects) = preSolution
		{97C54D8B-341D-4348-9775-DB27E742DF7B} = {F79217CC-3ADF-4E74-936C-BB3E548F5B8C}
		{D2557EAC-FACD-42AC-9851-8529AFAD22C2} = {F79217CC-3ADF-4E74-936C-BB3E548F5B8C}
		{B4DAADF9-8BED-449D-A7E7-44F2C0740364} = {DEED1AC3-881F-42E4-9659-88360AF300E9}
		{0911442B-C035-4F7F-9F9D-270384D81C56} = {DEED1AC3-881F-42E4-9659-88360AF300E9}
		{8F211914-7C1A-44EF-9C70-8A7A8BD72D85} = {C433B8A1-34B2-4AC3-92F2-A60285B9B588}
		{90515226-6741-4A32-9AA5-940A601D522E} = {F79217CC-3ADF-4E74-936C-BB3E548F5B8C}
		{C433B8A1-34B2-4AC3-92F2-A60285B9B588} = {90515226-6741-4A32-9AA5-940A601D522E}
		{B65DE703-A39C-4A3A-8639-E7F62E46E45B} = {90515226-6741-4A32-9AA5-940A601D522E}
	EndGlobalSection
	GlobalSection(ExtensibilityGlobals) = postSolution
		SolutionGuid = {183EA057-FDCB-46BB-B91A-5959023C5A13}
	EndGlobalSection
EndGlobal
